// !$*UTF8*$!
{
	archiveVersion = 1;
	classes = {
	};
	objectVersion = 50;
	objects = {

/* Begin PBXBuildFile section */
		423B5D0525868BCF00B36339 /* AppDelegate.swift in Sources */ = {isa = PBXBuildFile; fileRef = 423B5D0425868BCF00B36339 /* AppDelegate.swift */; };
		423B5D0725868BCF00B36339 /* SceneDelegate.swift in Sources */ = {isa = PBXBuildFile; fileRef = 423B5D0625868BCF00B36339 /* SceneDelegate.swift */; };
		423B5D0925868BCF00B36339 /* ContentView.swift in Sources */ = {isa = PBXBuildFile; fileRef = 423B5D0825868BCF00B36339 /* ContentView.swift */; };
		423B5D0B25868BD100B36339 /* Assets.xcassets in Resources */ = {isa = PBXBuildFile; fileRef = 423B5D0A25868BD100B36339 /* Assets.xcassets */; };
		423B5D0E25868BD100B36339 /* Preview Assets.xcassets in Resources */ = {isa = PBXBuildFile; fileRef = 423B5D0D25868BD100B36339 /* Preview Assets.xcassets */; };
		423B5D1125868BD100B36339 /* LaunchScreen.storyboard in Resources */ = {isa = PBXBuildFile; fileRef = 423B5D0F25868BD100B36339 /* LaunchScreen.storyboard */; };
/* End PBXBuildFile section */

/* Begin PBXFileReference section */
		423B5D0125868BCF00B36339 /* TravelDiscoverSwiftUI.app */ = {isa = PBXFileReference; explicitFileType = wrapper.application; includeInIndex = 0; path = TravelDiscoverSwiftUI.app; sourceTree = BUILT_PRODUCTS_DIR; };
		423B5D0425868BCF00B36339 /* AppDelegate.swift */ = {isa = PBXFileReference; lastKnownFileType = sourcecode.swift; path = AppDelegate.swift; sourceTree = "<group>"; };
		423B5D0625868BCF00B36339 /* SceneDelegate.swift */ = {isa = PBXFileReference; lastKnownFileType = sourcecode.swift; path = SceneDelegate.swift; sourceTree = "<group>"; };
		423B5D0825868BCF00B36339 /* ContentView.swift */ = {isa = PBXFileReference; lastKnownFileType = sourcecode.swift; path = ContentView.swift; sourceTree = "<group>"; };
		423B5D0A25868BD100B36339 /* Assets.xcassets */ = {isa = PBXFileReference; lastKnownFileType = folder.assetcatalog; path = Assets.xcassets; sourceTree = "<group>"; };
		423B5D0D25868BD100B36339 /* Preview Assets.xcassets */ = {isa = PBXFileReference; lastKnownFileType = folder.assetcatalog; path = "Preview Assets.xcassets"; sourceTree = "<group>"; };
		423B5D1025868BD100B36339 /* Base */ = {isa = PBXFileReference; lastKnownFileType = file.storyboard; name = Base; path = Base.lproj/LaunchScreen.storyboard; sourceTree = "<group>"; };
		423B5D1225868BD100B36339 /* Info.plist */ = {isa = PBXFileReference; lastKnownFileType = text.plist.xml; path = Info.plist; sourceTree = "<group>"; };
/* End PBXFileReference section */

/* Begin PBXFrameworksBuildPhase section */
		423B5CFE25868BCF00B36339 /* Frameworks */ = {
			isa = PBXFrameworksBuildPhase;
			buildActionMask = 2147483647;
			files = (
			);
			runOnlyForDeploymentPostprocessing = 0;
		};
/* End PBXFrameworksBuildPhase section */

/* Begin PBXGroup section */
		423B5CF825868BCF00B36339 = {
			isa = PBXGroup;
			children = (
				423B5D0325868BCF00B36339 /* TravelDiscoverSwiftUI */,
				423B5D0225868BCF00B36339 /* Products */,
			);
			sourceTree = "<group>";
		};
		423B5D0225868BCF00B36339 /* Products */ = {
			isa = PBXGroup;
			children = (
				423B5D0125868BCF00B36339 /* TravelDiscoverSwiftUI.app */,
			);
			name = Products;
			sourceTree = "<group>";
		};
		423B5D0325868BCF00B36339 /* TravelDiscoverSwiftUI */ = {
			isa = PBXGroup;
			children = (
				423B5D0425868BCF00B36339 /* AppDelegate.swift */,
				423B5D0625868BCF00B36339 /* SceneDelegate.swift */,
				423B5D0825868BCF00B36339 /* ContentView.swift */,
				423B5D0A25868BD100B36339 /* Assets.xcassets */,
				423B5D0F25868BD100B36339 /* LaunchScreen.storyboard */,
				423B5D1225868BD100B36339 /* Info.plist */,
				423B5D0C25868BD100B36339 /* Preview Content */,
			);
			path = TravelDiscoverSwiftUI;
			sourceTree = "<group>";
		};
		423B5D0C25868BD100B36339 /* Preview Content */ = {
			isa = PBXGroup;
			children = (
				423B5D0D25868BD100B36339 /* Preview Assets.xcassets */,
			);
			path = "Preview Content";
			sourceTree = "<group>";
		};
/* End PBXGroup section */

/* Begin PBXNativeTarget section */
		423B5D0025868BCF00B36339 /* TravelDiscoverSwiftUI */ = {
			isa = PBXNativeTarget;
			buildConfigurationList = 423B5D1525868BD100B36339 /* Build configuration list for PBXNativeTarget "TravelDiscoverSwiftUI" */;
			buildPhases = (
				423B5CFD25868BCF00B36339 /* Sources */,
				423B5CFE25868BCF00B36339 /* Frameworks */,
				423B5CFF25868BCF00B36339 /* Resources */,
			);
			buildRules = (
			);
			dependencies = (
			);
			name = TravelDiscoverSwiftUI;
			productName = TravelDiscoverSwiftUI;
			productReference = 423B5D0125868BCF00B36339 /* TravelDiscoverSwiftUI.app */;
			productType = "com.apple.product-type.application";
		};
/* End PBXNativeTarget section */

/* Begin PBXProject section */
		423B5CF925868BCF00B36339 /* Project object */ = {
			isa = PBXProject;
			attributes = {
				LastSwiftUpdateCheck = 1220;
				LastUpgradeCheck = 1220;
				TargetAttributes = {
					423B5D0025868BCF00B36339 = {
						CreatedOnToolsVersion = 12.2;
					};
				};
			};
			buildConfigurationList = 423B5CFC25868BCF00B36339 /* Build configuration list for PBXProject "TravelDiscoverSwiftUI" */;
			compatibilityVersion = "Xcode 9.3";
			developmentRegion = en;
			hasScannedForEncodings = 0;
			knownRegions = (
				en,
				Base,
			);
			mainGroup = 423B5CF825868BCF00B36339;
			productRefGroup = 423B5D0225868BCF00B36339 /* Products */;
			projectDirPath = "";
			projectRoot = "";
			targets = (
				423B5D0025868BCF00B36339 /* TravelDiscoverSwiftUI */,
			);
		};
/* End PBXProject section */

/* Begin PBXResourcesBuildPhase section */
		423B5CFF25868BCF00B36339 /* Resources */ = {
			isa = PBXResourcesBuildPhase;
			buildActionMask = 2147483647;
			files = (
				423B5D1125868BD100B36339 /* LaunchScreen.storyboard in Resources */,
				423B5D0E25868BD100B36339 /* Preview Assets.xcassets in Resources */,
				423B5D0B25868BD100B36339 /* Assets.xcassets in Resources */,
			);
			runOnlyForDeploymentPostprocessing = 0;
		};
/* End PBXResourcesBuildPhase section */

/* Begin PBXSourcesBuildPhase section */
		423B5CFD25868BCF00B36339 /* Sources */ = {
			isa = PBXSourcesBuildPhase;
			buildActionMask = 2147483647;
			files = (
				423B5D0525868BCF00B36339 /* AppDelegate.swift in Sources */,
				423B5D0725868BCF00B36339 /* SceneDelegate.swift in Sources */,
				423B5D0925868BCF00B36339 /* ContentView.swift in Sources */,
			);
			runOnlyForDeploymentPostprocessing = 0;
		};
/* End PBXSourcesBuildPhase section */

/* Begin PBXVariantGroup section */
		423B5D0F25868BD100B36339 /* LaunchScreen.storyboard */ = {
			isa = PBXVariantGroup;
			children = (
				423B5D1025868BD100B36339 /* Base */,
			);
			name = LaunchScreen.storyboard;
			sourceTree = "<group>";
		};
/* End PBXVariantGroup section */

/* Begin XCBuildConfiguration section */
		423B5D1325868BD100B36339 /* Debug */ = {
			isa = XCBuildConfiguration;
			buildSettings = {
				ALWAYS_SEARCH_USER_PATHS = NO;
				CLANG_ANALYZER_NONNULL = YES;
				CLANG_ANALYZER_NUMBER_OBJECT_CONVERSION = YES_AGGRESSIVE;
				CLANG_CXX_LANGUAGE_STANDARD = "gnu++14";
				CLANG_CXX_LIBRARY = "libc++";
				CLANG_ENABLE_MODULES = YES;
				CLANG_ENABLE_OBJC_ARC = YES;
				CLANG_ENABLE_OBJC_WEAK = YES;
				CLANG_WARN_BLOCK_CAPTURE_AUTORELEASING = YES;
				CLANG_WARN_BOOL_CONVERSION = YES;
				CLANG_WARN_COMMA = YES;
				CLANG_WARN_CONSTANT_CONVERSION = YES;
				CLANG_WARN_DEPRECATED_OBJC_IMPLEMENTATIONS = YES;
				CLANG_WARN_DIRECT_OBJC_ISA_USAGE = YES_ERROR;
				CLANG_WARN_DOCUMENTATION_COMMENTS = YES;
				CLANG_WARN_EMPTY_BODY = YES;
				CLANG_WARN_ENUM_CONVERSION = YES;
				CLANG_WARN_INFINITE_RECURSION = YES;
				CLANG_WARN_INT_CONVERSION = YES;
				CLANG_WARN_NON_LITERAL_NULL_CONVERSION = YES;
				CLANG_WARN_OBJC_IMPLICIT_RETAIN_SELF = YES;
				CLANG_WARN_OBJC_LITERAL_CONVERSION = YES;
				CLANG_WARN_OBJC_ROOT_CLASS = YES_ERROR;
				CLANG_WARN_QUOTED_INCLUDE_IN_FRAMEWORK_HEADER = YES;
				CLANG_WARN_RANGE_LOOP_ANALYSIS = YES;
				CLANG_WARN_STRICT_PROTOTYPES = YES;
				CLANG_WARN_SUSPICIOUS_MOVE = YES;
				CLANG_WARN_UNGUARDED_AVAILABILITY = YES_AGGRESSIVE;
				CLANG_WARN_UNREACHABLE_CODE = YES;
				CLANG_WARN__DUPLICATE_METHOD_MATCH = YES;
				COPY_PHASE_STRIP = NO;
				DEBUG_INFORMATION_FORMAT = dwarf;
				ENABLE_STRICT_OBJC_MSGSEND = YES;
				ENABLE_TESTABILITY = YES;
				GCC_C_LANGUAGE_STANDARD = gnu11;
				GCC_DYNAMIC_NO_PIC = NO;
				GCC_NO_COMMON_BLOCKS = YES;
				GCC_OPTIMIZATION_LEVEL = 0;
				GCC_PREPROCESSOR_DEFINITIONS = (
					"DEBUG=1",
					"$(inherited)",
				);
				GCC_WARN_64_TO_32_BIT_CONVERSION = YES;
				GCC_WARN_ABOUT_RETURN_TYPE = YES_ERROR;
				GCC_WARN_UNDECLARED_SELECTOR = YES;
				GCC_WARN_UNINITIALIZED_AUTOS = YES_AGGRESSIVE;
				GCC_WARN_UNUSED_FUNCTION = YES;
				GCC_WARN_UNUSED_VARIABLE = YES;
				IPHONEOS_DEPLOYMENT_TARGET = 14.2;
				MTL_ENABLE_DEBUG_INFO = INCLUDE_SOURCE;
				MTL_FAST_MATH = YES;
				ONLY_ACTIVE_ARCH = YES;
				SDKROOT = iphoneos;
				SWIFT_ACTIVE_COMPILATION_CONDITIONS = DEBUG;
				SWIFT_OPTIMIZATION_LEVEL = "-Onone";
			};
			name = Debug;
		};
		423B5D1425868BD100B36339 /* Release */ = {
			isa = XCBuildConfiguration;
			buildSettings = {
				ALWAYS_SEARCH_USER_PATHS = NO;
				CLANG_ANALYZER_NONNULL = YES;
				CLANG_ANALYZER_NUMBER_OBJECT_CONVERSION = YES_AGGRESSIVE;
				CLANG_CXX_LANGUAGE_STANDARD = "gnu++14";
				CLANG_CXX_LIBRARY = "libc++";
				CLANG_ENABLE_MODULES = YES;
				CLANG_ENABLE_OBJC_ARC = YES;
				CLANG_ENABLE_OBJC_WEAK = YES;
				CLANG_WARN_BLOCK_CAPTURE_AUTORELEASING = YES;
				CLANG_WARN_BOOL_CONVERSION = YES;
				CLANG_WARN_COMMA = YES;
				CLANG_WARN_CONSTANT_CONVERSION = YES;
				CLANG_WARN_DEPRECATED_OBJC_IMPLEMENTATIONS = YES;
				CLANG_WARN_DIRECT_OBJC_ISA_USAGE = YES_ERROR;
				CLANG_WARN_DOCUMENTATION_COMMENTS = YES;
				CLANG_WARN_EMPTY_BODY = YES;
				CLANG_WARN_ENUM_CONVERSION = YES;
				CLANG_WARN_INFINITE_RECURSION = YES;
				CLANG_WARN_INT_CONVERSION = YES;
				CLANG_WARN_NON_LITERAL_NULL_CONVERSION = YES;
				CLANG_WARN_OBJC_IMPLICIT_RETAIN_SELF = YES;
				CLANG_WARN_OBJC_LITERAL_CONVERSION = YES;
				CLANG_WARN_OBJC_ROOT_CLASS = YES_ERROR;
				CLANG_WARN_QUOTED_INCLUDE_IN_FRAMEWORK_HEADER = YES;
				CLANG_WARN_RANGE_LOOP_ANALYSIS = YES;
				CLANG_WARN_STRICT_PROTOTYPES = YES;
				CLANG_WARN_SUSPICIOUS_MOVE = YES;
				CLANG_WARN_UNGUARDED_AVAILABILITY = YES_AGGRESSIVE;
				CLANG_WARN_UNREACHABLE_CODE = YES;
				CLANG_WARN__DUPLICATE_METHOD_MATCH = YES;
				COPY_PHASE_STRIP = NO;
				DEBUG_INFORMATION_FORMAT = "dwarf-with-dsym";
				ENABLE_NS_ASSERTIONS = NO;
				ENABLE_STRICT_OBJC_MSGSEND = YES;
				GCC_C_LANGUAGE_STANDARD = gnu11;
				GCC_NO_COMMON_BLOCKS = YES;
				GCC_WARN_64_TO_32_BIT_CONVERSION = YES;
				GCC_WARN_ABOUT_RETURN_TYPE = YES_ERROR;
				GCC_WARN_UNDECLARED_SELECTOR = YES;
				GCC_WARN_UNINITIALIZED_AUTOS = YES_AGGRESSIVE;
				GCC_WARN_UNUSED_FUNCTION = YES;
				GCC_WARN_UNUSED_VARIABLE = YES;
				IPHONEOS_DEPLOYMENT_TARGET = 14.2;
				MTL_ENABLE_DEBUG_INFO = NO;
				MTL_FAST_MATH = YES;
				SDKROOT = iphoneos;
				SWIFT_COMPILATION_MODE = wholemodule;
				SWIFT_OPTIMIZATION_LEVEL = "-O";
				VALIDATE_PRODUCT = YES;
			};
			name = Release;
		};
		423B5D1625868BD100B36339 /* Debug */ = {
			isa = XCBuildConfiguration;
			buildSettings = {
				ASSETCATALOG_COMPILER_APPICON_NAME = AppIcon;
				ASSETCATALOG_COMPILER_GLOBAL_ACCENT_COLOR_NAME = AccentColor;
				CODE_SIGN_STYLE = Automatic;
				DEVELOPMENT_ASSET_PATHS = "\"TravelDiscoverSwiftUI/Preview Content\"";
				DEVELOPMENT_TEAM = Z6YU2DE97Z;
				ENABLE_PREVIEWS = YES;
				INFOPLIST_FILE = TravelDiscoverSwiftUI/Info.plist;
				LD_RUNPATH_SEARCH_PATHS = (
					"$(inherited)",
					"@executable_path/Frameworks",
				);
				PRODUCT_BUNDLE_IDENTIFIER = sareenv.io.TravelDiscoverSwiftUI;
				PRODUCT_NAME = "$(TARGET_NAME)";
				SWIFT_VERSION = 5.0;
				TARGETED_DEVICE_FAMILY = "1,2";
			};
			name = Debug;
		};
		423B5D1725868BD100B36339 /* Release */ = {
			isa = XCBuildConfiguration;
			buildSettings = {
				ASSETCATALOG_COMPILER_APPICON_NAME = AppIcon;
				ASSETCATALOG_COMPILER_GLOBAL_ACCENT_COLOR_NAME = AccentColor;
				CODE_SIGN_STYLE = Automatic;
				DEVELOPMENT_ASSET_PATHS = "\"TravelDiscoverSwiftUI/Preview Content\"";
				DEVELOPMENT_TEAM = Z6YU2DE97Z;
				ENABLE_PREVIEWS = YES;
				INFOPLIST_FILE = TravelDiscoverSwiftUI/Info.plist;
				LD_RUNPATH_SEARCH_PATHS = (
					"$(inherited)",
					"@executable_path/Frameworks",
				);
				PRODUCT_BUNDLE_IDENTIFIER = sareenv.io.TravelDiscoverSwiftUI;
				PRODUCT_NAME = "$(TARGET_NAME)";
				SWIFT_VERSION = 5.0;
				TARGETED_DEVICE_FAMILY = "1,2";
			};
			name = Release;
		};
/* End XCBuildConfiguration section */

/* Begin XCConfigurationList section */
		423B5CFC25868BCF00B36339 /* Build configuration list for PBXProject "TravelDiscoverSwiftUI" */ = {
			isa = XCConfigurationList;
			buildConfigurations = (
				423B5D1325868BD100B36339 /* Debug */,
				423B5D1425868BD100B36339 /* Release */,
			);
			defaultConfigurationIsVisible = 0;
			defaultConfigurationName = Release;
		};
		423B5D1525868BD100B36339 /* Build configuration list for PBXNativeTarget "TravelDiscoverSwiftUI" */ = {
			isa = XCConfigurationList;
			buildConfigurations = (
				423B5D1625868BD100B36339 /* Debug */,
				423B5D1725868BD100B36339 /* Release */,
			);
			defaultConfigurationIsVisible = 0;
			defaultConfigurationName = Release;
		};
/* End XCConfigurationList section */
	};
	rootObject = 423B5CF925868BCF00B36339 /* Project object */;
}
